
Microsoft Visual Studio Solution File, Format Version 12.00
# Visual Studio Version 16
VisualStudioVersion = 16.0.29123.88
MinimumVisualStudioVersion = 10.0.40219.1
Project("{FAE04EC0-301F-11D3-BF4B-00C04F79EFBC}") = "Labrinth", "Labrinth\Labrinth.csproj", "{42A70ED4-A4E8-4DB8-9E97-97DB19DFA6DA}"
EndProject
Project("{FAE04EC0-301F-11D3-BF4B-00C04F79EFBC}") = "CasttVM", "CasttVM\CasttVM.csproj", "{863BBF63-BAB5-4FA2-AFEC-431486948C9C}"
EndProject
Project("{FAE04EC0-301F-11D3-BF4B-00C04F79EFBC}") = "BL", "BL\BL.csproj", "{D1E4A7BC-DBB7-43B3-8CD5-E50AC516B5A7}"
EndProject
Project("{FAE04EC0-301F-11D3-BF4B-00C04F79EFBC}") = "DAL", "DAL\DAL.csproj", "{FA7E43C4-5D57-4E23-94FD-94EA2005EAA7}"
EndProject
Global
	GlobalSection(SolutionConfigurationPlatforms) = preSolution
		Debug|Any CPU = Debug|Any CPU
		Release|Any CPU = Release|Any CPU
	EndGlobalSection
	GlobalSection(ProjectConfigurationPlatforms) = postSolution
		{42A70ED4-A4E8-4DB8-9E97-97DB19DFA6DA}.Debug|Any CPU.ActiveCfg = Debug|Any CPU
		{42A70ED4-A4E8-4DB8-9E97-97DB19DFA6DA}.Debug|Any CPU.Build.0 = Debug|Any CPU
		{42A70ED4-A4E8-4DB8-9E97-97DB19DFA6DA}.Release|Any CPU.ActiveCfg = Release|Any CPU
		{42A70ED4-A4E8-4DB8-9E97-97DB19DFA6DA}.Release|Any CPU.Build.0 = Release|Any CPU
		{863BBF63-BAB5-4FA2-AFEC-431486948C9C}.Debug|Any CPU.ActiveCfg = Debug|Any CPU
		{863BBF63-BAB5-4FA2-AFEC-431486948C9C}.Debug|Any CPU.Build.0 = Debug|Any CPU
		{863BBF63-BAB5-4FA2-AFEC-431486948C9C}.Release|Any CPU.ActiveCfg = Release|Any CPU
		{863BBF63-BAB5-4FA2-AFEC-431486948C9C}.Release|Any CPU.Build.0 = Release|Any CPU
		{D1E4A7BC-DBB7-43B3-8CD5-E50AC516B5A7}.Debug|Any CPU.ActiveCfg = Debug|Any CPU
		{D1E4A7BC-DBB7-43B3-8CD5-E50AC516B5A7}.Debug|Any CPU.Build.0 = Debug|Any CPU
		{D1E4A7BC-DBB7-43B3-8CD5-E50AC516B5A7}.Release|Any CPU.ActiveCfg = Release|Any CPU
		{D1E4A7BC-DBB7-43B3-8CD5-E50AC516B5A7}.Release|Any CPU.Build.0 = Release|Any CPU
		{FA7E43C4-5D57-4E23-94FD-94EA2005EAA7}.Debug|Any CPU.ActiveCfg = Debug|Any CPU
		{FA7E43C4-5D57-4E23-94FD-94EA2005EAA7}.Debug|Any CPU.Build.0 = Debug|Any CPU
		{FA7E43C4-5D57-4E23-94FD-94EA2005EAA7}.Release|Any CPU.ActiveCfg = Release|Any CPU
		{FA7E43C4-5D57-4E23-94FD-94EA2005EAA7}.Release|Any CPU.Build.0 = Release|Any CPU
	EndGlobalSection
	GlobalSection(SolutionProperties) = preSolution
		HideSolutionNode = FALSE
	EndGlobalSection
	GlobalSection(ExtensibilityGlobals) = postSolution
		SolutionGuid = {1316B6E7-90E3-4786-9979-0CE311AF1E81}
	EndGlobalSection
EndGlobal
